<?xml version="1.0" encoding="utf-8"?>
<Project ToolsVersion="4.0" xmlns="http://schemas.microsoft.com/developer/msbuild/2003">
  <ItemGroup>
    <ClCompile Include="..\..\..\VS_test\MonkeyHead[final]\MonkeyHead[final]\obj_loader.cpp" />
    <ClCompile Include="coreEngine.cpp" />
    <ClCompile Include="Game.cpp" />
    <ClCompile Include="Input.cpp" />
    <ClCompile Include="main.cpp" />
    <ClCompile Include="Mesh.cpp" />
    <ClCompile Include="Shader.cpp" />
    <ClCompile Include="stb_image.c" />
    <ClCompile Include="Texture.cpp" />
    <ClCompile Include="Timing.cpp" />
    <ClCompile Include="Window.cpp" />
    <ClCompile Include="TestGame.cpp" />
    <ClCompile Include="PhongShader.cpp" />
    <ClCompile Include="GameObject.cpp" />
    <ClCompile Include="RenderingEngine.cpp" />
    <ClCompile Include="BasicShader.cpp" />
  </ItemGroup>
  <ItemGroup>
    <ClInclude Include="..\..\..\VS_test\MonkeyHead[final]\MonkeyHead[final]\obj_loader.h" />
    <ClInclude Include="Camera.h" />
    <ClInclude Include="coreEngine.h" />
    <ClInclude Include="Game.h" />
    <ClInclude Include="Input.h" />
    <ClInclude Include="Mesh.h" />
    <ClInclude Include="resource.h" />
    <ClInclude Include="Shader.h" />
    <ClInclude Include="stb_image.h" />
    <ClInclude Include="Texture.h" />
    <ClInclude Include="Timing.h" />
    <ClInclude Include="Transform.h" />
    <ClInclude Include="Vertex.h" />
    <ClInclude Include="Window.h" />
    <ClInclude Include="Material.h" />
    <ClInclude Include="BaseLight.h" />
    <ClInclude Include="DirectionalLight.h" />
    <ClInclude Include="Attenuation.h" />
    <ClInclude Include="TestGame.h" />
    <ClInclude Include="PhongShader.h" />
    <ClInclude Include="GameComponent.h" />
    <ClInclude Include="GameObject.h" />
    <ClInclude Include="MeshRenderer.h" />
    <ClInclude Include="RenderingEngine.h" />
    <ClInclude Include="BasicShader.h" />
  </ItemGroup>
  <ItemGroup>
    <ResourceCompile Include="3DGameEngine.rc" />
  </ItemGroup>
  <ItemGroup>
    <Filter Include="res">
      <UniqueIdentifier>{c83df154-7df4-4aa4-8e8f-be041985fde2}</UniqueIdentifier>
    </Filter>
    <Filter Include="core">
      <UniqueIdentifier>{0982dabd-966f-4564-a27b-889fa1fb367c}</UniqueIdentifier>
    </Filter>
    <Filter Include="physics">
      <UniqueIdentifier>{3c9a2468-509c-45af-9ab0-fc6e2114cb70}</UniqueIdentifier>
    </Filter>
    <Filter Include="rendering">
      <UniqueIdentifier>{f0a6ac8f-ab3d-4f38-ad96-f2f3fa656840}</UniqueIdentifier>
    </Filter>
  </ItemGroup>
  <ItemGroup>
    <None Include="res\basicShader.fs">
      <Filter>res</Filter>
    </None>
    <None Include="res\basicShader.vs">
      <Filter>res</Filter>
    </None>
  </ItemGroup>
</Project>