<?xml version="1.0" encoding="utf-8"?>
<Project ToolsVersion="4.0" xmlns="http://schemas.microsoft.com/developer/msbuild/2003">
  <ItemGroup>
    <ClCompile Include="..\..\..\VS_test\MonkeyHead[final]\MonkeyHead[final]\obj_loader.cpp" />
    <ClCompile Include="coreEngine.cpp" />
    <ClCompile Include="Game.cpp" />
    <ClCompile Include="Input.cpp" />
    <ClCompile Include="main.cpp" />
    <ClCompile Include="Mesh.cpp" />
    <ClCompile Include="RenderUtil.cpp" />
    <ClCompile Include="Shader.cpp" />
    <ClCompile Include="stb_image.c" />
    <ClCompile Include="Texture.cpp" />
    <ClCompile Include="Timing.cpp" />
    <ClCompile Include="Transform.cpp" />
    <ClCompile Include="Window.cpp" />
  </ItemGroup>
  <ItemGroup>
    <ClInclude Include="..\..\..\VS_test\MonkeyHead[final]\MonkeyHead[final]\obj_loader.h" />
    <ClInclude Include="Camera.h" />
    <ClInclude Include="coreEngine.h" />
    <ClInclude Include="Game.h" />
    <ClInclude Include="Input.h" />
    <ClInclude Include="Mesh.h" />
    <ClInclude Include="RenderUtil.h" />
    <ClInclude Include="resource.h" />
    <ClInclude Include="Shader.h" />
    <ClInclude Include="stb_image.h" />
    <ClInclude Include="Texture.h" />
    <ClInclude Include="Timing.h" />
    <ClInclude Include="Transform.h" />
    <ClInclude Include="Vertex.h" />
    <ClInclude Include="Window.h" />
    <ClInclude Include="Material.h" />
  </ItemGroup>
  <ItemGroup>
    <ResourceCompile Include="3DGameEngine.rc" />
  </ItemGroup>
  <ItemGroup>
    <Filter Include="res">
      <UniqueIdentifier>{c83df154-7df4-4aa4-8e8f-be041985fde2}</UniqueIdentifier>
    </Filter>
  </ItemGroup>
  <ItemGroup>
    <None Include="res\basicShader.fs">
      <Filter>res</Filter>
    </None>
    <None Include="res\basicShader.vs">
      <Filter>res</Filter>
    </None>
  </ItemGroup>
</Project>