<?xml version="1.0" encoding="utf-8"?>
<Project ToolsVersion="4.0" xmlns="http://schemas.microsoft.com/developer/msbuild/2003">
  <ItemGroup>
    <Filter Include="Source Files">
      <UniqueIdentifier>{4FC737F1-C7A5-4376-A066-2A32D752A2FF}</UniqueIdentifier>
      <Extensions>cpp;c;cc;cxx;def;odl;idl;hpj;bat;asm;asmx</Extensions>
    </Filter>
    <Filter Include="Header Files">
      <UniqueIdentifier>{93995380-89BD-4b04-88EB-625FBE52EBFB}</UniqueIdentifier>
      <Extensions>h;hh;hpp;hxx;hm;inl;inc;xsd</Extensions>
    </Filter>
    <Filter Include="Resource Files">
      <UniqueIdentifier>{67DA6AB6-F800-4c08-8B7A-83BB121AAD01}</UniqueIdentifier>
      <Extensions>rc;ico;cur;bmp;dlg;rc2;rct;bin;rgs;gif;jpg;jpeg;jpe;resx;tiff;tif;png;wav;mfcribbon-ms</Extensions>
    </Filter>
  </ItemGroup>
  <ItemGroup>
    <ClCompile Include="main.cpp">
      <Filter>Source Files</Filter>
    </ClCompile>
    <ClCompile Include="Window.cpp">
      <Filter>Source Files</Filter>
    </ClCompile>
    <ClCompile Include="coreEngine.cpp">
      <Filter>Source Files</Filter>
    </ClCompile>
    <ClCompile Include="Timing.cpp">
      <Filter>Source Files</Filter>
    </ClCompile>
    <ClCompile Include="Game.cpp">
      <Filter>Source Files</Filter>
    </ClCompile>
    <ClCompile Include="Input.cpp">
      <Filter>Source Files</Filter>
    </ClCompile>
    <ClCompile Include="Mesh.cpp">
      <Filter>Source Files</Filter>
    </ClCompile>
    <ClCompile Include="Shader.cpp">
      <Filter>Source Files</Filter>
    </ClCompile>
    <ClCompile Include="obj_loader.cpp">
      <Filter>Source Files</Filter>
    </ClCompile>
    <ClCompile Include="Texture.cpp">
      <Filter>Source Files</Filter>
    </ClCompile>
    <ClCompile Include="stb_image.c">
      <Filter>Source Files</Filter>
    </ClCompile>
    <ClCompile Include="gameObject.cpp">
      <Filter>Source Files</Filter>
    </ClCompile>
    <ClCompile Include="renderingEngine.cpp">
      <Filter>Source Files</Filter>
    </ClCompile>
    <ClCompile Include="forwardAmbient.cpp">
      <Filter>Source Files</Filter>
    </ClCompile>
    <ClCompile Include="forwardDirectional.cpp">
      <Filter>Source Files</Filter>
    </ClCompile>
    <ClCompile Include="forwardPoint.cpp">
      <Filter>Source Files</Filter>
    </ClCompile>
    <ClCompile Include="forwardSpot.cpp">
      <Filter>Source Files</Filter>
    </ClCompile>
    <ClCompile Include="testGame.cpp">
      <Filter>Source Files</Filter>
    </ClCompile>
    <ClCompile Include="directionalLight.cpp">
      <Filter>Source Files</Filter>
    </ClCompile>
    <ClCompile Include="pointLight.cpp">
      <Filter>Source Files</Filter>
    </ClCompile>
    <ClCompile Include="baseLight.cpp">
      <Filter>Source Files</Filter>
    </ClCompile>
    <ClCompile Include="spotLight.cpp">
      <Filter>Source Files</Filter>
    </ClCompile>
    <ClCompile Include="Camera.cpp">
      <Filter>Source Files</Filter>
    </ClCompile>
  </ItemGroup>
  <ItemGroup>
    <ClInclude Include="Window.h">
      <Filter>Header Files</Filter>
    </ClInclude>
    <ClInclude Include="coreEngine.h">
      <Filter>Header Files</Filter>
    </ClInclude>
    <ClInclude Include="Timing.h">
      <Filter>Header Files</Filter>
    </ClInclude>
    <ClInclude Include="Game.h">
      <Filter>Header Files</Filter>
    </ClInclude>
    <ClInclude Include="Input.h">
      <Filter>Header Files</Filter>
    </ClInclude>
    <ClInclude Include="Mesh.h">
      <Filter>Header Files</Filter>
    </ClInclude>
    <ClInclude Include="Shader.h">
      <Filter>Header Files</Filter>
    </ClInclude>
    <ClInclude Include="Transform.h">
      <Filter>Header Files</Filter>
    </ClInclude>
    <ClInclude Include="obj_loader.h">
      <Filter>Header Files</Filter>
    </ClInclude>
    <ClInclude Include="Camera.h">
      <Filter>Header Files</Filter>
    </ClInclude>
    <ClInclude Include="Texture.h">
      <Filter>Header Files</Filter>
    </ClInclude>
    <ClInclude Include="stb_image.h">
      <Filter>Header Files</Filter>
    </ClInclude>
    <ClInclude Include="baseLight.h">
      <Filter>Header Files</Filter>
    </ClInclude>
    <ClInclude Include="directionalLight.h">
      <Filter>Header Files</Filter>
    </ClInclude>
    <ClInclude Include="Material.h">
      <Filter>Header Files</Filter>
    </ClInclude>
    <ClInclude Include="main.h">
      <Filter>Header Files</Filter>
    </ClInclude>
    <ClInclude Include="Attenuation.h">
      <Filter>Header Files</Filter>
    </ClInclude>
    <ClInclude Include="pointLight.h">
      <Filter>Header Files</Filter>
    </ClInclude>
    <ClInclude Include="spotLight.h">
      <Filter>Header Files</Filter>
    </ClInclude>
    <ClInclude Include="gameObject.h">
      <Filter>Header Files</Filter>
    </ClInclude>
    <ClInclude Include="gameComponent.h">
      <Filter>Header Files</Filter>
    </ClInclude>
    <ClInclude Include="meshRenderer.h">
      <Filter>Header Files</Filter>
    </ClInclude>
    <ClInclude Include="renderingEngine.h">
      <Filter>Header Files</Filter>
    </ClInclude>
    <ClInclude Include="forwardAmbient.h">
      <Filter>Header Files</Filter>
    </ClInclude>
    <ClInclude Include="forwardDirectional.h">
      <Filter>Header Files</Filter>
    </ClInclude>
    <ClInclude Include="forwardPoint.h">
      <Filter>Header Files</Filter>
    </ClInclude>
    <ClInclude Include="forwardSpot.h">
      <Filter>Header Files</Filter>
    </ClInclude>
    <ClInclude Include="testGame.h">
      <Filter>Header Files</Filter>
    </ClInclude>
  </ItemGroup>
  <ItemGroup>
    <None Include="res\basicShader.fs">
      <Filter>Resource Files</Filter>
    </None>
    <None Include="res\basicShader.vs">
      <Filter>Resource Files</Filter>
    </None>
    <None Include="res\phongShader.fs">
      <Filter>Resource Files</Filter>
    </None>
    <None Include="res\phongShader.vs">
      <Filter>Resource Files</Filter>
    </None>
    <None Include="res\forwardAmbient.fs">
      <Filter>Resource Files</Filter>
    </None>
    <None Include="res\forwardAmbient.vs">
      <Filter>Resource Files</Filter>
    </None>
    <None Include="res\forwardDirectional.fs">
      <Filter>Resource Files</Filter>
    </None>
    <None Include="res\forwardDirectional.vs">
      <Filter>Resource Files</Filter>
    </None>
    <None Include="res\forwardPoint.fs">
      <Filter>Resource Files</Filter>
    </None>
    <None Include="res\forwardPoint.vs">
      <Filter>Resource Files</Filter>
    </None>
    <None Include="res\forwardSpot.fs">
      <Filter>Resource Files</Filter>
    </None>
    <None Include="res\forwardSpot.vs">
      <Filter>Resource Files</Filter>
    </None>
  </ItemGroup>
</Project>